
Microsoft Visual Studio Solution File, Format Version 12.00
# Visual Studio Version 16
VisualStudioVersion = 16.0.32228.343
MinimumVisualStudioVersion = 10.0.40219.1
Project("{9A19103F-16F7-4668-BE54-9A1E7A4F7556}") = "AjmeraBookStoreManagement", "AjmeraBookStoreManagement.csproj", "{63D2929E-5288-4ECF-B1D2-266CF72B329E}"
EndProject
Project("{9A19103F-16F7-4668-BE54-9A1E7A4F7556}") = "BookStoreManagement.BusinessLayer", "BookStoreManagement.BusinessLayer\BookStoreManagement.BusinessLayer.csproj", "{B16BDC19-0831-46F7-A76E-34258D756C18}"
EndProject
Project("{9A19103F-16F7-4668-BE54-9A1E7A4F7556}") = "BookStoreManagement.DataLayer", "BookStoreManagement.DataLayer\BookStoreManagement.DataLayer.csproj", "{D1E75CA0-0B23-445C-B039-D91211DB36E4}"
EndProject
Project("{9A19103F-16F7-4668-BE54-9A1E7A4F7556}") = "BookStoreManagement.Entities", "BookStoreManagement.Entities\BookStoreManagement.Entities.csproj", "{AD33A064-90B9-40A4-AC64-2D1671DE2AD3}"
EndProject
Project("{9A19103F-16F7-4668-BE54-9A1E7A4F7556}") = "BookStoreManagement.BusinessLayer.Tests", "BookStoreManagement.BusinessLayer.Tests\BookStoreManagement.BusinessLayer.Tests.csproj", "{0061E32C-BBEB-4A47-A941-C52FC50B5BF3}"
EndProject
Global
	GlobalSection(SolutionConfigurationPlatforms) = preSolution
		Debug|Any CPU = Debug|Any CPU
		Release|Any CPU = Release|Any CPU
	EndGlobalSection
	GlobalSection(ProjectConfigurationPlatforms) = postSolution
		{63D2929E-5288-4ECF-B1D2-266CF72B329E}.Debug|Any CPU.ActiveCfg = Debug|Any CPU
		{63D2929E-5288-4ECF-B1D2-266CF72B329E}.Debug|Any CPU.Build.0 = Debug|Any CPU
		{63D2929E-5288-4ECF-B1D2-266CF72B329E}.Release|Any CPU.ActiveCfg = Release|Any CPU
		{63D2929E-5288-4ECF-B1D2-266CF72B329E}.Release|Any CPU.Build.0 = Release|Any CPU
		{B16BDC19-0831-46F7-A76E-34258D756C18}.Debug|Any CPU.ActiveCfg = Debug|Any CPU
		{B16BDC19-0831-46F7-A76E-34258D756C18}.Debug|Any CPU.Build.0 = Debug|Any CPU
		{B16BDC19-0831-46F7-A76E-34258D756C18}.Release|Any CPU.ActiveCfg = Release|Any CPU
		{B16BDC19-0831-46F7-A76E-34258D756C18}.Release|Any CPU.Build.0 = Release|Any CPU
		{D1E75CA0-0B23-445C-B039-D91211DB36E4}.Debug|Any CPU.ActiveCfg = Debug|Any CPU
		{D1E75CA0-0B23-445C-B039-D91211DB36E4}.Debug|Any CPU.Build.0 = Debug|Any CPU
		{D1E75CA0-0B23-445C-B039-D91211DB36E4}.Release|Any CPU.ActiveCfg = Release|Any CPU
		{D1E75CA0-0B23-445C-B039-D91211DB36E4}.Release|Any CPU.Build.0 = Release|Any CPU
		{AD33A064-90B9-40A4-AC64-2D1671DE2AD3}.Debug|Any CPU.ActiveCfg = Debug|Any CPU
		{AD33A064-90B9-40A4-AC64-2D1671DE2AD3}.Debug|Any CPU.Build.0 = Debug|Any CPU
		{AD33A064-90B9-40A4-AC64-2D1671DE2AD3}.Release|Any CPU.ActiveCfg = Release|Any CPU
		{AD33A064-90B9-40A4-AC64-2D1671DE2AD3}.Release|Any CPU.Build.0 = Release|Any CPU
		{0061E32C-BBEB-4A47-A941-C52FC50B5BF3}.Debug|Any CPU.ActiveCfg = Debug|Any CPU
		{0061E32C-BBEB-4A47-A941-C52FC50B5BF3}.Debug|Any CPU.Build.0 = Debug|Any CPU
		{0061E32C-BBEB-4A47-A941-C52FC50B5BF3}.Release|Any CPU.ActiveCfg = Release|Any CPU
		{0061E32C-BBEB-4A47-A941-C52FC50B5BF3}.Release|Any CPU.Build.0 = Release|Any CPU
	EndGlobalSection
	GlobalSection(SolutionProperties) = preSolution
		HideSolutionNode = FALSE
	EndGlobalSection
	GlobalSection(ExtensibilityGlobals) = postSolution
		SolutionGuid = {20A199FB-4924-43DC-BA8E-8A05E88140DF}
	EndGlobalSection
EndGlobal
